
Microsoft Visual Studio Solution File, Format Version 12.00
# Visual Studio 2013
VisualStudioVersion = 12.0.40629.0
MinimumVisualStudioVersion = 10.0.40219.1
Project("{2150E333-8FDC-42A3-9474-1A3956D46DE8}") = "4-Presentation", "4-Presentation", "{12FA4B80-6C9A-4479-9DC8-7F4EAAF5DE9E}"
EndProject
Project("{2150E333-8FDC-42A3-9474-1A3956D46DE8}") = "3-Application", "3-Application", "{71F835F8-70E9-46A7-879A-31DBDA0211F5}"
EndProject
Project("{2150E333-8FDC-42A3-9474-1A3956D46DE8}") = "2-Domain", "2-Domain", "{3075CDD5-7C09-48D7-B674-13D156730C9F}"
EndProject
Project("{2150E333-8FDC-42A3-9474-1A3956D46DE8}") = "1-Infrastructure", "1-Infrastructure", "{02ABFCF4-09EC-43E4-85AD-AA47624FD4D4}"
EndProject
Project("{FAE04EC0-301F-11D3-BF4B-00C04F79EFBC}") = "EFPNet.Infrastructure.Tools", "EFPNet.Infrastructure.Tools\EFPNet.Infrastructure.Tools.csproj", "{C2346ABB-30C8-4404-97AA-24333D36ED22}"
EndProject
Project("{FAE04EC0-301F-11D3-BF4B-00C04F79EFBC}") = "EFPNet.Infrastructure.Data", "EFPNet.Infrastructure.Data\EFPNet.Infrastructure.Data.csproj", "{3468B2DB-BADF-4952-9B9E-FA352FCC46BE}"
EndProject
Project("{FAE04EC0-301F-11D3-BF4B-00C04F79EFBC}") = "EFPNet.Domains", "EFPNet.Domains\EFPNet.Domains.csproj", "{8059D2F8-8622-4BEC-817F-54AD24619A2A}"
EndProject
Project("{FAE04EC0-301F-11D3-BF4B-00C04F79EFBC}") = "EFPNet.Repositories", "EFPNet.Repositories\EFPNet.Repositories.csproj", "{0A9F86BE-DBF1-4DA3-8810-43A1BE9B6AF2}"
EndProject
Project("{FAE04EC0-301F-11D3-BF4B-00C04F79EFBC}") = "EFPNet.IService", "EFPNet.IService\EFPNet.IService.csproj", "{71026CC1-E914-41D3-8EBB-1CB7DC9370AC}"
EndProject
Project("{FAE04EC0-301F-11D3-BF4B-00C04F79EFBC}") = "EFPNet.Service", "EFPNet.Service\EFPNet.Service.csproj", "{B1194363-E60E-41C8-9470-81904CEAB628}"
EndProject
Project("{FAE04EC0-301F-11D3-BF4B-00C04F79EFBC}") = "EFPNet.ViewModel", "EFPNet.ViewModel\EFPNet.ViewModel.csproj", "{EDF3DCF9-CA54-413F-9113-7D35C4044FED}"
EndProject
Project("{FAE04EC0-301F-11D3-BF4B-00C04F79EFBC}") = "EFPNet.Web.MVC", "EFPNet.Web.MVC\EFPNet.Web.MVC.csproj", "{275B77E2-EE6D-4A4E-9D98-EA37147B2753}"
EndProject
Project("{FAE04EC0-301F-11D3-BF4B-00C04F79EFBC}") = "EFPNet.Web.MVC.Test", "EFPNet.Web.MVC.Test\EFPNet.Web.MVC.Test.csproj", "{EADB6AF3-0726-44AF-B547-9BDF207FE2C6}"
	ProjectSection(ProjectDependencies) = postProject
		{C2346ABB-30C8-4404-97AA-24333D36ED22} = {C2346ABB-30C8-4404-97AA-24333D36ED22}
		{0A9F86BE-DBF1-4DA3-8810-43A1BE9B6AF2} = {0A9F86BE-DBF1-4DA3-8810-43A1BE9B6AF2}
		{3468B2DB-BADF-4952-9B9E-FA352FCC46BE} = {3468B2DB-BADF-4952-9B9E-FA352FCC46BE}
		{8059D2F8-8622-4BEC-817F-54AD24619A2A} = {8059D2F8-8622-4BEC-817F-54AD24619A2A}
	EndProjectSection
EndProject
Project("{FAE04EC0-301F-11D3-BF4B-00C04F79EFBC}") = "EFPNet.Domain.Data", "EFPNet.Domain.Data\EFPNet.Domain.Data.csproj", "{639F1F01-806A-46C1-B8E0-53C559A54736}"
EndProject
Project("{FAE04EC0-301F-11D3-BF4B-00C04F79EFBC}") = "EFPNet.Core", "EFPNet.Core\EFPNet.Core.csproj", "{E78F59FD-F19E-47DA-B925-A03331A4EA87}"
	ProjectSection(ProjectDependencies) = postProject
		{8059D2F8-8622-4BEC-817F-54AD24619A2A} = {8059D2F8-8622-4BEC-817F-54AD24619A2A}
	EndProjectSection
EndProject
Project("{2150E333-8FDC-42A3-9474-1A3956D46DE8}") = ".nuget", ".nuget", "{DA1A8AB9-B9D0-49A5-B1EF-F215F4DE451D}"
	ProjectSection(SolutionItems) = preProject
		.nuget\packages.config = .nuget\packages.config
	EndProjectSection
EndProject
Project("{FAE04EC0-301F-11D3-BF4B-00C04F79EFBC}") = "EFPNet.ServiceTests", "EFPNet.ServiceTests\EFPNet.ServiceTests.csproj", "{4117D750-E50B-4124-A61C-5E7B8987C238}"
EndProject
Project("{2150E333-8FDC-42A3-9474-1A3956D46DE8}") = "UnitTest", "UnitTest", "{5C104F97-5278-413F-A801-122DA736CCC0}"
EndProject
Global
	GlobalSection(SolutionConfigurationPlatforms) = preSolution
		Debug|Any CPU = Debug|Any CPU
		Release|Any CPU = Release|Any CPU
	EndGlobalSection
	GlobalSection(ProjectConfigurationPlatforms) = postSolution
		{C2346ABB-30C8-4404-97AA-24333D36ED22}.Debug|Any CPU.ActiveCfg = Debug|Any CPU
		{C2346ABB-30C8-4404-97AA-24333D36ED22}.Debug|Any CPU.Build.0 = Debug|Any CPU
		{C2346ABB-30C8-4404-97AA-24333D36ED22}.Release|Any CPU.ActiveCfg = Release|Any CPU
		{C2346ABB-30C8-4404-97AA-24333D36ED22}.Release|Any CPU.Build.0 = Release|Any CPU
		{3468B2DB-BADF-4952-9B9E-FA352FCC46BE}.Debug|Any CPU.ActiveCfg = Debug|Any CPU
		{3468B2DB-BADF-4952-9B9E-FA352FCC46BE}.Debug|Any CPU.Build.0 = Debug|Any CPU
		{3468B2DB-BADF-4952-9B9E-FA352FCC46BE}.Release|Any CPU.ActiveCfg = Release|Any CPU
		{3468B2DB-BADF-4952-9B9E-FA352FCC46BE}.Release|Any CPU.Build.0 = Release|Any CPU
		{8059D2F8-8622-4BEC-817F-54AD24619A2A}.Debug|Any CPU.ActiveCfg = Debug|Any CPU
		{8059D2F8-8622-4BEC-817F-54AD24619A2A}.Debug|Any CPU.Build.0 = Debug|Any CPU
		{8059D2F8-8622-4BEC-817F-54AD24619A2A}.Release|Any CPU.ActiveCfg = Release|Any CPU
		{8059D2F8-8622-4BEC-817F-54AD24619A2A}.Release|Any CPU.Build.0 = Release|Any CPU
		{0A9F86BE-DBF1-4DA3-8810-43A1BE9B6AF2}.Debug|Any CPU.ActiveCfg = Debug|Any CPU
		{0A9F86BE-DBF1-4DA3-8810-43A1BE9B6AF2}.Debug|Any CPU.Build.0 = Debug|Any CPU
		{0A9F86BE-DBF1-4DA3-8810-43A1BE9B6AF2}.Release|Any CPU.ActiveCfg = Release|Any CPU
		{0A9F86BE-DBF1-4DA3-8810-43A1BE9B6AF2}.Release|Any CPU.Build.0 = Release|Any CPU
		{71026CC1-E914-41D3-8EBB-1CB7DC9370AC}.Debug|Any CPU.ActiveCfg = Debug|Any CPU
		{71026CC1-E914-41D3-8EBB-1CB7DC9370AC}.Debug|Any CPU.Build.0 = Debug|Any CPU
		{71026CC1-E914-41D3-8EBB-1CB7DC9370AC}.Release|Any CPU.ActiveCfg = Release|Any CPU
		{71026CC1-E914-41D3-8EBB-1CB7DC9370AC}.Release|Any CPU.Build.0 = Release|Any CPU
		{B1194363-E60E-41C8-9470-81904CEAB628}.Debug|Any CPU.ActiveCfg = Debug|Any CPU
		{B1194363-E60E-41C8-9470-81904CEAB628}.Debug|Any CPU.Build.0 = Debug|Any CPU
		{B1194363-E60E-41C8-9470-81904CEAB628}.Release|Any CPU.ActiveCfg = Release|Any CPU
		{B1194363-E60E-41C8-9470-81904CEAB628}.Release|Any CPU.Build.0 = Release|Any CPU
		{EDF3DCF9-CA54-413F-9113-7D35C4044FED}.Debug|Any CPU.ActiveCfg = Debug|Any CPU
		{EDF3DCF9-CA54-413F-9113-7D35C4044FED}.Debug|Any CPU.Build.0 = Debug|Any CPU
		{EDF3DCF9-CA54-413F-9113-7D35C4044FED}.Release|Any CPU.ActiveCfg = Release|Any CPU
		{EDF3DCF9-CA54-413F-9113-7D35C4044FED}.Release|Any CPU.Build.0 = Release|Any CPU
		{275B77E2-EE6D-4A4E-9D98-EA37147B2753}.Debug|Any CPU.ActiveCfg = Debug|Any CPU
		{275B77E2-EE6D-4A4E-9D98-EA37147B2753}.Debug|Any CPU.Build.0 = Debug|Any CPU
		{275B77E2-EE6D-4A4E-9D98-EA37147B2753}.Release|Any CPU.ActiveCfg = Release|Any CPU
		{275B77E2-EE6D-4A4E-9D98-EA37147B2753}.Release|Any CPU.Build.0 = Release|Any CPU
		{EADB6AF3-0726-44AF-B547-9BDF207FE2C6}.Debug|Any CPU.ActiveCfg = Debug|Any CPU
		{EADB6AF3-0726-44AF-B547-9BDF207FE2C6}.Debug|Any CPU.Build.0 = Debug|Any CPU
		{EADB6AF3-0726-44AF-B547-9BDF207FE2C6}.Release|Any CPU.ActiveCfg = Release|Any CPU
		{EADB6AF3-0726-44AF-B547-9BDF207FE2C6}.Release|Any CPU.Build.0 = Release|Any CPU
		{639F1F01-806A-46C1-B8E0-53C559A54736}.Debug|Any CPU.ActiveCfg = Debug|Any CPU
		{639F1F01-806A-46C1-B8E0-53C559A54736}.Debug|Any CPU.Build.0 = Debug|Any CPU
		{639F1F01-806A-46C1-B8E0-53C559A54736}.Release|Any CPU.ActiveCfg = Release|Any CPU
		{639F1F01-806A-46C1-B8E0-53C559A54736}.Release|Any CPU.Build.0 = Release|Any CPU
		{E78F59FD-F19E-47DA-B925-A03331A4EA87}.Debug|Any CPU.ActiveCfg = Debug|Any CPU
		{E78F59FD-F19E-47DA-B925-A03331A4EA87}.Debug|Any CPU.Build.0 = Debug|Any CPU
		{E78F59FD-F19E-47DA-B925-A03331A4EA87}.Release|Any CPU.ActiveCfg = Release|Any CPU
		{E78F59FD-F19E-47DA-B925-A03331A4EA87}.Release|Any CPU.Build.0 = Release|Any CPU
		{4117D750-E50B-4124-A61C-5E7B8987C238}.Debug|Any CPU.ActiveCfg = Debug|Any CPU
		{4117D750-E50B-4124-A61C-5E7B8987C238}.Debug|Any CPU.Build.0 = Debug|Any CPU
		{4117D750-E50B-4124-A61C-5E7B8987C238}.Release|Any CPU.ActiveCfg = Release|Any CPU
		{4117D750-E50B-4124-A61C-5E7B8987C238}.Release|Any CPU.Build.0 = Release|Any CPU
	EndGlobalSection
	GlobalSection(SolutionProperties) = preSolution
		HideSolutionNode = FALSE
	EndGlobalSection
	GlobalSection(NestedProjects) = preSolution
		{C2346ABB-30C8-4404-97AA-24333D36ED22} = {02ABFCF4-09EC-43E4-85AD-AA47624FD4D4}
		{3468B2DB-BADF-4952-9B9E-FA352FCC46BE} = {02ABFCF4-09EC-43E4-85AD-AA47624FD4D4}
		{8059D2F8-8622-4BEC-817F-54AD24619A2A} = {3075CDD5-7C09-48D7-B674-13D156730C9F}
		{0A9F86BE-DBF1-4DA3-8810-43A1BE9B6AF2} = {3075CDD5-7C09-48D7-B674-13D156730C9F}
		{71026CC1-E914-41D3-8EBB-1CB7DC9370AC} = {71F835F8-70E9-46A7-879A-31DBDA0211F5}
		{B1194363-E60E-41C8-9470-81904CEAB628} = {71F835F8-70E9-46A7-879A-31DBDA0211F5}
		{EDF3DCF9-CA54-413F-9113-7D35C4044FED} = {71F835F8-70E9-46A7-879A-31DBDA0211F5}
		{275B77E2-EE6D-4A4E-9D98-EA37147B2753} = {12FA4B80-6C9A-4479-9DC8-7F4EAAF5DE9E}
		{EADB6AF3-0726-44AF-B547-9BDF207FE2C6} = {12FA4B80-6C9A-4479-9DC8-7F4EAAF5DE9E}
		{639F1F01-806A-46C1-B8E0-53C559A54736} = {3075CDD5-7C09-48D7-B674-13D156730C9F}
		{E78F59FD-F19E-47DA-B925-A03331A4EA87} = {71F835F8-70E9-46A7-879A-31DBDA0211F5}
		{4117D750-E50B-4124-A61C-5E7B8987C238} = {5C104F97-5278-413F-A801-122DA736CCC0}
	EndGlobalSection
EndGlobal
